
Microsoft Visual Studio Solution File, Format Version 12.00
# Visual Studio Version 17
VisualStudioVersion = 17.5.33516.290
MinimumVisualStudioVersion = 10.0.40219.1
Project("{9A19103F-16F7-4668-BE54-9A1E7A4F7556}") = "ValidateSubsequence", "ValidateSubsequence\ValidateSubsequence.csproj", "{9012C007-D9C5-4D34-A13D-394879B2D9C4}"
EndProject
Project("{9A19103F-16F7-4668-BE54-9A1E7A4F7556}") = "TwoNumberSum", "TwoNumberSum\TwoNumberSum.csproj", "{C58C11B4-9E8B-4634-8E61-2545F145A0A9}"
EndProject
Project("{9A19103F-16F7-4668-BE54-9A1E7A4F7556}") = "SortedSquaredArray", "SortedSquaredArray\SortedSquaredArray.csproj", "{2E506176-5DB9-41DD-A4A6-8E003D139351}"
EndProject
Project("{2150E333-8FDC-42A3-9474-1A3956D46DE8}") = "Easy", "Easy", "{853728A2-B61D-4584-B3CF-49D0C84FB0BF}"
EndProject
Project("{9A19103F-16F7-4668-BE54-9A1E7A4F7556}") = "TournamentWinner", "TournamentWinner\TournamentWinner.csproj", "{8CA70857-7635-4DC1-B77C-4CE19DEEE431}"
EndProject
Project("{9A19103F-16F7-4668-BE54-9A1E7A4F7556}") = "NonConstructibleChange", "NonConstructibleChange\NonConstructibleChange.csproj", "{DC67C63A-F719-4A52-A5A9-5E4B56C17D21}"
EndProject
Project("{2150E333-8FDC-42A3-9474-1A3956D46DE8}") = "Medium", "Medium", "{1B663FDB-EAA2-4574-8241-5AEB196DB980}"
EndProject
Project("{9A19103F-16F7-4668-BE54-9A1E7A4F7556}") = "ThreeNumberSum", "ThreeNumberSum\ThreeNumberSum.csproj", "{6AC1A314-CDBF-446D-937E-B58258997144}"
EndProject
Project("{9A19103F-16F7-4668-BE54-9A1E7A4F7556}") = "SmallestDifference", "SmallestDifference\SmallestDifference.csproj", "{84272BCC-7C7E-4996-B62B-EDF7BEB5A92C}"
EndProject
Project("{9A19103F-16F7-4668-BE54-9A1E7A4F7556}") = "ArrayOfProducts", "ArrayOfProducts\ArrayOfProducts.csproj", "{715EF789-5F68-4B13-897D-5115229903BD}"
EndProject
Project("{9A19103F-16F7-4668-BE54-9A1E7A4F7556}") = "SpiralTraverse", "SpiralTraverse\SpiralTraverse.csproj", "{1350EBC8-1232-4656-AD63-1339464ED3F5}"
EndProject
Project("{9A19103F-16F7-4668-BE54-9A1E7A4F7556}") = "LongestPeak", "LongestPeak\LongestPeak.csproj", "{0FBC27D4-CAEA-482E-B7A7-8BB377AC09FD}"
EndProject
Project("{9A19103F-16F7-4668-BE54-9A1E7A4F7556}") = "FirstDuplicateValue", "FirstDuplicateValue\FirstDuplicateValue.csproj", "{3E21EA9B-0461-4BAC-AB25-C9B2A8E66672}"
EndProject
Project("{9A19103F-16F7-4668-BE54-9A1E7A4F7556}") = "MergeOverlappingIntervals", "MergeOverlappingIntervals\MergeOverlappingIntervals.csproj", "{E5C875BB-5D8B-4173-A735-81FCD60E13DE}"
EndProject
Project("{9A19103F-16F7-4668-BE54-9A1E7A4F7556}") = "TransposeMatrix", "TransposeMatrix\TransposeMatrix.csproj", "{5D573C21-E32D-49FB-A94E-86DA69C31E50}"
EndProject
Project("{9A19103F-16F7-4668-BE54-9A1E7A4F7556}") = "BestSeat", "BestSeat\BestSeat.csproj", "{96019DC0-9AF4-403A-8459-F524E81CD0D3}"
EndProject
Project("{9A19103F-16F7-4668-BE54-9A1E7A4F7556}") = "ZeroSumSubarray", "ZeroSumSubarray\ZeroSumSubarray.csproj", "{FA340588-2345-4F64-ADB5-3A21C12802AA}"
EndProject
Project("{FAE04EC0-301F-11D3-BF4B-00C04F79EFBC}") = "MissingNumbers", "MissingNumbers\MissingNumbers.csproj", "{5240FDE0-6641-4B22-8E15-65420B9AD1EA}"
EndProject
Global
	GlobalSection(SolutionConfigurationPlatforms) = preSolution
		Debug|Any CPU = Debug|Any CPU
		Release|Any CPU = Release|Any CPU
	EndGlobalSection
	GlobalSection(ProjectConfigurationPlatforms) = postSolution
		{9012C007-D9C5-4D34-A13D-394879B2D9C4}.Debug|Any CPU.ActiveCfg = Debug|Any CPU
		{9012C007-D9C5-4D34-A13D-394879B2D9C4}.Debug|Any CPU.Build.0 = Debug|Any CPU
		{9012C007-D9C5-4D34-A13D-394879B2D9C4}.Release|Any CPU.ActiveCfg = Release|Any CPU
		{9012C007-D9C5-4D34-A13D-394879B2D9C4}.Release|Any CPU.Build.0 = Release|Any CPU
		{C58C11B4-9E8B-4634-8E61-2545F145A0A9}.Debug|Any CPU.ActiveCfg = Debug|Any CPU
		{C58C11B4-9E8B-4634-8E61-2545F145A0A9}.Debug|Any CPU.Build.0 = Debug|Any CPU
		{C58C11B4-9E8B-4634-8E61-2545F145A0A9}.Release|Any CPU.ActiveCfg = Release|Any CPU
		{C58C11B4-9E8B-4634-8E61-2545F145A0A9}.Release|Any CPU.Build.0 = Release|Any CPU
		{2E506176-5DB9-41DD-A4A6-8E003D139351}.Debug|Any CPU.ActiveCfg = Debug|Any CPU
		{2E506176-5DB9-41DD-A4A6-8E003D139351}.Debug|Any CPU.Build.0 = Debug|Any CPU
		{2E506176-5DB9-41DD-A4A6-8E003D139351}.Release|Any CPU.ActiveCfg = Release|Any CPU
		{2E506176-5DB9-41DD-A4A6-8E003D139351}.Release|Any CPU.Build.0 = Release|Any CPU
		{8CA70857-7635-4DC1-B77C-4CE19DEEE431}.Debug|Any CPU.ActiveCfg = Debug|Any CPU
		{8CA70857-7635-4DC1-B77C-4CE19DEEE431}.Debug|Any CPU.Build.0 = Debug|Any CPU
		{8CA70857-7635-4DC1-B77C-4CE19DEEE431}.Release|Any CPU.ActiveCfg = Release|Any CPU
		{8CA70857-7635-4DC1-B77C-4CE19DEEE431}.Release|Any CPU.Build.0 = Release|Any CPU
		{DC67C63A-F719-4A52-A5A9-5E4B56C17D21}.Debug|Any CPU.ActiveCfg = Debug|Any CPU
		{DC67C63A-F719-4A52-A5A9-5E4B56C17D21}.Debug|Any CPU.Build.0 = Debug|Any CPU
		{DC67C63A-F719-4A52-A5A9-5E4B56C17D21}.Release|Any CPU.ActiveCfg = Release|Any CPU
		{DC67C63A-F719-4A52-A5A9-5E4B56C17D21}.Release|Any CPU.Build.0 = Release|Any CPU
		{6AC1A314-CDBF-446D-937E-B58258997144}.Debug|Any CPU.ActiveCfg = Debug|Any CPU
		{6AC1A314-CDBF-446D-937E-B58258997144}.Debug|Any CPU.Build.0 = Debug|Any CPU
		{6AC1A314-CDBF-446D-937E-B58258997144}.Release|Any CPU.ActiveCfg = Release|Any CPU
		{6AC1A314-CDBF-446D-937E-B58258997144}.Release|Any CPU.Build.0 = Release|Any CPU
		{84272BCC-7C7E-4996-B62B-EDF7BEB5A92C}.Debug|Any CPU.ActiveCfg = Debug|Any CPU
		{84272BCC-7C7E-4996-B62B-EDF7BEB5A92C}.Debug|Any CPU.Build.0 = Debug|Any CPU
		{84272BCC-7C7E-4996-B62B-EDF7BEB5A92C}.Release|Any CPU.ActiveCfg = Release|Any CPU
		{84272BCC-7C7E-4996-B62B-EDF7BEB5A92C}.Release|Any CPU.Build.0 = Release|Any CPU
		{715EF789-5F68-4B13-897D-5115229903BD}.Debug|Any CPU.ActiveCfg = Debug|Any CPU
		{715EF789-5F68-4B13-897D-5115229903BD}.Debug|Any CPU.Build.0 = Debug|Any CPU
		{715EF789-5F68-4B13-897D-5115229903BD}.Release|Any CPU.ActiveCfg = Release|Any CPU
		{715EF789-5F68-4B13-897D-5115229903BD}.Release|Any CPU.Build.0 = Release|Any CPU
		{1350EBC8-1232-4656-AD63-1339464ED3F5}.Debug|Any CPU.ActiveCfg = Debug|Any CPU
		{1350EBC8-1232-4656-AD63-1339464ED3F5}.Debug|Any CPU.Build.0 = Debug|Any CPU
		{1350EBC8-1232-4656-AD63-1339464ED3F5}.Release|Any CPU.ActiveCfg = Release|Any CPU
		{1350EBC8-1232-4656-AD63-1339464ED3F5}.Release|Any CPU.Build.0 = Release|Any CPU
		{0FBC27D4-CAEA-482E-B7A7-8BB377AC09FD}.Debug|Any CPU.ActiveCfg = Debug|Any CPU
		{0FBC27D4-CAEA-482E-B7A7-8BB377AC09FD}.Debug|Any CPU.Build.0 = Debug|Any CPU
		{0FBC27D4-CAEA-482E-B7A7-8BB377AC09FD}.Release|Any CPU.ActiveCfg = Release|Any CPU
		{0FBC27D4-CAEA-482E-B7A7-8BB377AC09FD}.Release|Any CPU.Build.0 = Release|Any CPU
		{3E21EA9B-0461-4BAC-AB25-C9B2A8E66672}.Debug|Any CPU.ActiveCfg = Debug|Any CPU
		{3E21EA9B-0461-4BAC-AB25-C9B2A8E66672}.Debug|Any CPU.Build.0 = Debug|Any CPU
		{3E21EA9B-0461-4BAC-AB25-C9B2A8E66672}.Release|Any CPU.ActiveCfg = Release|Any CPU
		{3E21EA9B-0461-4BAC-AB25-C9B2A8E66672}.Release|Any CPU.Build.0 = Release|Any CPU
		{E5C875BB-5D8B-4173-A735-81FCD60E13DE}.Debug|Any CPU.ActiveCfg = Debug|Any CPU
		{E5C875BB-5D8B-4173-A735-81FCD60E13DE}.Debug|Any CPU.Build.0 = Debug|Any CPU
		{E5C875BB-5D8B-4173-A735-81FCD60E13DE}.Release|Any CPU.ActiveCfg = Release|Any CPU
		{E5C875BB-5D8B-4173-A735-81FCD60E13DE}.Release|Any CPU.Build.0 = Release|Any CPU
		{5D573C21-E32D-49FB-A94E-86DA69C31E50}.Debug|Any CPU.ActiveCfg = Debug|Any CPU
		{5D573C21-E32D-49FB-A94E-86DA69C31E50}.Debug|Any CPU.Build.0 = Debug|Any CPU
		{5D573C21-E32D-49FB-A94E-86DA69C31E50}.Release|Any CPU.ActiveCfg = Release|Any CPU
		{5D573C21-E32D-49FB-A94E-86DA69C31E50}.Release|Any CPU.Build.0 = Release|Any CPU
		{96019DC0-9AF4-403A-8459-F524E81CD0D3}.Debug|Any CPU.ActiveCfg = Debug|Any CPU
		{96019DC0-9AF4-403A-8459-F524E81CD0D3}.Debug|Any CPU.Build.0 = Debug|Any CPU
		{96019DC0-9AF4-403A-8459-F524E81CD0D3}.Release|Any CPU.ActiveCfg = Release|Any CPU
		{96019DC0-9AF4-403A-8459-F524E81CD0D3}.Release|Any CPU.Build.0 = Release|Any CPU
		{FA340588-2345-4F64-ADB5-3A21C12802AA}.Debug|Any CPU.ActiveCfg = Debug|Any CPU
		{FA340588-2345-4F64-ADB5-3A21C12802AA}.Debug|Any CPU.Build.0 = Debug|Any CPU
		{FA340588-2345-4F64-ADB5-3A21C12802AA}.Release|Any CPU.ActiveCfg = Release|Any CPU
		{FA340588-2345-4F64-ADB5-3A21C12802AA}.Release|Any CPU.Build.0 = Release|Any CPU
		{5240FDE0-6641-4B22-8E15-65420B9AD1EA}.Debug|Any CPU.ActiveCfg = Debug|Any CPU
		{5240FDE0-6641-4B22-8E15-65420B9AD1EA}.Debug|Any CPU.Build.0 = Debug|Any CPU
		{5240FDE0-6641-4B22-8E15-65420B9AD1EA}.Release|Any CPU.ActiveCfg = Release|Any CPU
		{5240FDE0-6641-4B22-8E15-65420B9AD1EA}.Release|Any CPU.Build.0 = Release|Any CPU
	EndGlobalSection
	GlobalSection(SolutionProperties) = preSolution
		HideSolutionNode = FALSE
	EndGlobalSection
	GlobalSection(NestedProjects) = preSolution
		{9012C007-D9C5-4D34-A13D-394879B2D9C4} = {853728A2-B61D-4584-B3CF-49D0C84FB0BF}
		{C58C11B4-9E8B-4634-8E61-2545F145A0A9} = {853728A2-B61D-4584-B3CF-49D0C84FB0BF}
		{2E506176-5DB9-41DD-A4A6-8E003D139351} = {853728A2-B61D-4584-B3CF-49D0C84FB0BF}
		{8CA70857-7635-4DC1-B77C-4CE19DEEE431} = {853728A2-B61D-4584-B3CF-49D0C84FB0BF}
		{DC67C63A-F719-4A52-A5A9-5E4B56C17D21} = {853728A2-B61D-4584-B3CF-49D0C84FB0BF}
		{6AC1A314-CDBF-446D-937E-B58258997144} = {1B663FDB-EAA2-4574-8241-5AEB196DB980}
		{84272BCC-7C7E-4996-B62B-EDF7BEB5A92C} = {1B663FDB-EAA2-4574-8241-5AEB196DB980}
		{715EF789-5F68-4B13-897D-5115229903BD} = {1B663FDB-EAA2-4574-8241-5AEB196DB980}
		{1350EBC8-1232-4656-AD63-1339464ED3F5} = {1B663FDB-EAA2-4574-8241-5AEB196DB980}
		{0FBC27D4-CAEA-482E-B7A7-8BB377AC09FD} = {1B663FDB-EAA2-4574-8241-5AEB196DB980}
		{3E21EA9B-0461-4BAC-AB25-C9B2A8E66672} = {1B663FDB-EAA2-4574-8241-5AEB196DB980}
		{E5C875BB-5D8B-4173-A735-81FCD60E13DE} = {1B663FDB-EAA2-4574-8241-5AEB196DB980}
		{5D573C21-E32D-49FB-A94E-86DA69C31E50} = {853728A2-B61D-4584-B3CF-49D0C84FB0BF}
		{96019DC0-9AF4-403A-8459-F524E81CD0D3} = {1B663FDB-EAA2-4574-8241-5AEB196DB980}
		{FA340588-2345-4F64-ADB5-3A21C12802AA} = {1B663FDB-EAA2-4574-8241-5AEB196DB980}
		{5240FDE0-6641-4B22-8E15-65420B9AD1EA} = {1B663FDB-EAA2-4574-8241-5AEB196DB980}
	EndGlobalSection
	GlobalSection(ExtensibilityGlobals) = postSolution
		SolutionGuid = {E91029C5-2596-4A84-B77B-A13FE0F5F1B8}
	EndGlobalSection
EndGlobal
