
Microsoft Visual Studio Solution File, Format Version 12.00
# Visual Studio Version 17
VisualStudioVersion = 17.5.33516.290
MinimumVisualStudioVersion = 10.0.40219.1
Project("{2150E333-8FDC-42A3-9474-1A3956D46DE8}") = "Easy", "Easy", "{853728A2-B61D-4584-B3CF-49D0C84FB0BF}"
EndProject
Project("{2150E333-8FDC-42A3-9474-1A3956D46DE8}") = "Medium", "Medium", "{1B663FDB-EAA2-4574-8241-5AEB196DB980}"
EndProject
Project("{9A19103F-16F7-4668-BE54-9A1E7A4F7556}") = "ArrayOfProducts", "Medium\ArrayOfProducts\ArrayOfProducts.csproj", "{BC4A6AA7-3BFB-4696-B3EC-1B1C542A78E6}"
EndProject
Project("{9A19103F-16F7-4668-BE54-9A1E7A4F7556}") = "BestSeat", "Medium\BestSeat\BestSeat.csproj", "{A3773DB7-E46A-412E-9271-68BCCF657549}"
EndProject
Project("{9A19103F-16F7-4668-BE54-9A1E7A4F7556}") = "FirstDuplicateValue", "Medium\FirstDuplicateValue\FirstDuplicateValue.csproj", "{FA02C575-7F9B-4A0F-84C3-19FECA1EC025}"
EndProject
Project("{9A19103F-16F7-4668-BE54-9A1E7A4F7556}") = "LongestPeak", "Medium\LongestPeak\LongestPeak.csproj", "{04374673-401F-4940-8DCD-ED082382B832}"
EndProject
Project("{9A19103F-16F7-4668-BE54-9A1E7A4F7556}") = "MergeOverlappingIntervals", "Medium\MergeOverlappingIntervals\MergeOverlappingIntervals.csproj", "{0C5EB00B-5761-4963-BEA9-F22D80275F0A}"
EndProject
Project("{9A19103F-16F7-4668-BE54-9A1E7A4F7556}") = "MissingNumbers", "Medium\MissingNumbers\MissingNumbers.csproj", "{7A0650E9-6D6B-44DA-8C20-CAA41A42573F}"
EndProject
Project("{9A19103F-16F7-4668-BE54-9A1E7A4F7556}") = "SmallestDifference", "Medium\SmallestDifference\SmallestDifference.csproj", "{9BB7B1A6-CDE6-4359-AB31-FB3652028368}"
EndProject
Project("{9A19103F-16F7-4668-BE54-9A1E7A4F7556}") = "SpiralTraverse", "Medium\SpiralTraverse\SpiralTraverse.csproj", "{5AF52964-186E-4F30-B1FA-9C5F2DFD02B3}"
EndProject
Project("{9A19103F-16F7-4668-BE54-9A1E7A4F7556}") = "ThreeNumberSum", "Medium\ThreeNumberSum\ThreeNumberSum.csproj", "{15BAB9A5-11CB-4FC5-BCA3-22E7CFE99766}"
EndProject
Project("{9A19103F-16F7-4668-BE54-9A1E7A4F7556}") = "ZeroSumSubarray", "Medium\ZeroSumSubarray\ZeroSumSubarray.csproj", "{5A17E08F-8FAB-4DEB-ABBE-6207E0E78C48}"
EndProject
Project("{9A19103F-16F7-4668-BE54-9A1E7A4F7556}") = "NonConstructibleChange", "Easy\NonConstructibleChange\NonConstructibleChange.csproj", "{F33B081B-248B-4200-A6A4-A069E484B268}"
EndProject
Project("{9A19103F-16F7-4668-BE54-9A1E7A4F7556}") = "SortedSquaredArray", "Easy\SortedSquaredArray\SortedSquaredArray.csproj", "{4596607A-EF1D-4AD0-8159-3C52D5CCA673}"
EndProject
Project("{9A19103F-16F7-4668-BE54-9A1E7A4F7556}") = "TournamentWinner", "Easy\TournamentWinner\TournamentWinner.csproj", "{FAF14DFA-2CE3-4FAE-863E-D3FE3D7A04D0}"
EndProject
Project("{9A19103F-16F7-4668-BE54-9A1E7A4F7556}") = "TransposeMatrix", "Easy\TransposeMatrix\TransposeMatrix.csproj", "{46264CD5-FDF7-46B4-9D7E-BEFAAF72E727}"
EndProject
Project("{9A19103F-16F7-4668-BE54-9A1E7A4F7556}") = "TwoNumberSum", "Easy\TwoNumberSum\TwoNumberSum.csproj", "{E00D2176-E6F5-42B7-9B7E-43F23E29A456}"
EndProject
Project("{9A19103F-16F7-4668-BE54-9A1E7A4F7556}") = "ValidateSubsequence", "Easy\ValidateSubsequence\ValidateSubsequence.csproj", "{2014840D-B700-47A5-863D-5D726592AB21}"
EndProject
Project("{2150E333-8FDC-42A3-9474-1A3956D46DE8}") = "Hard", "Hard", "{A469A689-A85E-4F28-9CC8-AF99C0B67A4F}"
EndProject
Project("{FAE04EC0-301F-11D3-BF4B-00C04F79EFBC}") = "FourNumberSum", "Hard\FourNumberSum\FourNumberSum.csproj", "{50EE2FC4-FEAD-4BD7-8B63-B79F1C7FDC2B}"
EndProject
Global
	GlobalSection(SolutionConfigurationPlatforms) = preSolution
		Debug|Any CPU = Debug|Any CPU
		Release|Any CPU = Release|Any CPU
	EndGlobalSection
	GlobalSection(ProjectConfigurationPlatforms) = postSolution
		{BC4A6AA7-3BFB-4696-B3EC-1B1C542A78E6}.Debug|Any CPU.ActiveCfg = Debug|Any CPU
		{BC4A6AA7-3BFB-4696-B3EC-1B1C542A78E6}.Debug|Any CPU.Build.0 = Debug|Any CPU
		{BC4A6AA7-3BFB-4696-B3EC-1B1C542A78E6}.Release|Any CPU.ActiveCfg = Release|Any CPU
		{BC4A6AA7-3BFB-4696-B3EC-1B1C542A78E6}.Release|Any CPU.Build.0 = Release|Any CPU
		{A3773DB7-E46A-412E-9271-68BCCF657549}.Debug|Any CPU.ActiveCfg = Debug|Any CPU
		{A3773DB7-E46A-412E-9271-68BCCF657549}.Debug|Any CPU.Build.0 = Debug|Any CPU
		{A3773DB7-E46A-412E-9271-68BCCF657549}.Release|Any CPU.ActiveCfg = Release|Any CPU
		{A3773DB7-E46A-412E-9271-68BCCF657549}.Release|Any CPU.Build.0 = Release|Any CPU
		{FA02C575-7F9B-4A0F-84C3-19FECA1EC025}.Debug|Any CPU.ActiveCfg = Debug|Any CPU
		{FA02C575-7F9B-4A0F-84C3-19FECA1EC025}.Debug|Any CPU.Build.0 = Debug|Any CPU
		{FA02C575-7F9B-4A0F-84C3-19FECA1EC025}.Release|Any CPU.ActiveCfg = Release|Any CPU
		{FA02C575-7F9B-4A0F-84C3-19FECA1EC025}.Release|Any CPU.Build.0 = Release|Any CPU
		{04374673-401F-4940-8DCD-ED082382B832}.Debug|Any CPU.ActiveCfg = Debug|Any CPU
		{04374673-401F-4940-8DCD-ED082382B832}.Debug|Any CPU.Build.0 = Debug|Any CPU
		{04374673-401F-4940-8DCD-ED082382B832}.Release|Any CPU.ActiveCfg = Release|Any CPU
		{04374673-401F-4940-8DCD-ED082382B832}.Release|Any CPU.Build.0 = Release|Any CPU
		{0C5EB00B-5761-4963-BEA9-F22D80275F0A}.Debug|Any CPU.ActiveCfg = Debug|Any CPU
		{0C5EB00B-5761-4963-BEA9-F22D80275F0A}.Debug|Any CPU.Build.0 = Debug|Any CPU
		{0C5EB00B-5761-4963-BEA9-F22D80275F0A}.Release|Any CPU.ActiveCfg = Release|Any CPU
		{0C5EB00B-5761-4963-BEA9-F22D80275F0A}.Release|Any CPU.Build.0 = Release|Any CPU
		{7A0650E9-6D6B-44DA-8C20-CAA41A42573F}.Debug|Any CPU.ActiveCfg = Debug|Any CPU
		{7A0650E9-6D6B-44DA-8C20-CAA41A42573F}.Debug|Any CPU.Build.0 = Debug|Any CPU
		{7A0650E9-6D6B-44DA-8C20-CAA41A42573F}.Release|Any CPU.ActiveCfg = Release|Any CPU
		{7A0650E9-6D6B-44DA-8C20-CAA41A42573F}.Release|Any CPU.Build.0 = Release|Any CPU
		{9BB7B1A6-CDE6-4359-AB31-FB3652028368}.Debug|Any CPU.ActiveCfg = Debug|Any CPU
		{9BB7B1A6-CDE6-4359-AB31-FB3652028368}.Debug|Any CPU.Build.0 = Debug|Any CPU
		{9BB7B1A6-CDE6-4359-AB31-FB3652028368}.Release|Any CPU.ActiveCfg = Release|Any CPU
		{9BB7B1A6-CDE6-4359-AB31-FB3652028368}.Release|Any CPU.Build.0 = Release|Any CPU
		{5AF52964-186E-4F30-B1FA-9C5F2DFD02B3}.Debug|Any CPU.ActiveCfg = Debug|Any CPU
		{5AF52964-186E-4F30-B1FA-9C5F2DFD02B3}.Debug|Any CPU.Build.0 = Debug|Any CPU
		{5AF52964-186E-4F30-B1FA-9C5F2DFD02B3}.Release|Any CPU.ActiveCfg = Release|Any CPU
		{5AF52964-186E-4F30-B1FA-9C5F2DFD02B3}.Release|Any CPU.Build.0 = Release|Any CPU
		{15BAB9A5-11CB-4FC5-BCA3-22E7CFE99766}.Debug|Any CPU.ActiveCfg = Debug|Any CPU
		{15BAB9A5-11CB-4FC5-BCA3-22E7CFE99766}.Debug|Any CPU.Build.0 = Debug|Any CPU
		{15BAB9A5-11CB-4FC5-BCA3-22E7CFE99766}.Release|Any CPU.ActiveCfg = Release|Any CPU
		{15BAB9A5-11CB-4FC5-BCA3-22E7CFE99766}.Release|Any CPU.Build.0 = Release|Any CPU
		{5A17E08F-8FAB-4DEB-ABBE-6207E0E78C48}.Debug|Any CPU.ActiveCfg = Debug|Any CPU
		{5A17E08F-8FAB-4DEB-ABBE-6207E0E78C48}.Debug|Any CPU.Build.0 = Debug|Any CPU
		{5A17E08F-8FAB-4DEB-ABBE-6207E0E78C48}.Release|Any CPU.ActiveCfg = Release|Any CPU
		{5A17E08F-8FAB-4DEB-ABBE-6207E0E78C48}.Release|Any CPU.Build.0 = Release|Any CPU
		{F33B081B-248B-4200-A6A4-A069E484B268}.Debug|Any CPU.ActiveCfg = Debug|Any CPU
		{F33B081B-248B-4200-A6A4-A069E484B268}.Debug|Any CPU.Build.0 = Debug|Any CPU
		{F33B081B-248B-4200-A6A4-A069E484B268}.Release|Any CPU.ActiveCfg = Release|Any CPU
		{F33B081B-248B-4200-A6A4-A069E484B268}.Release|Any CPU.Build.0 = Release|Any CPU
		{4596607A-EF1D-4AD0-8159-3C52D5CCA673}.Debug|Any CPU.ActiveCfg = Debug|Any CPU
		{4596607A-EF1D-4AD0-8159-3C52D5CCA673}.Debug|Any CPU.Build.0 = Debug|Any CPU
		{4596607A-EF1D-4AD0-8159-3C52D5CCA673}.Release|Any CPU.ActiveCfg = Release|Any CPU
		{4596607A-EF1D-4AD0-8159-3C52D5CCA673}.Release|Any CPU.Build.0 = Release|Any CPU
		{FAF14DFA-2CE3-4FAE-863E-D3FE3D7A04D0}.Debug|Any CPU.ActiveCfg = Debug|Any CPU
		{FAF14DFA-2CE3-4FAE-863E-D3FE3D7A04D0}.Debug|Any CPU.Build.0 = Debug|Any CPU
		{FAF14DFA-2CE3-4FAE-863E-D3FE3D7A04D0}.Release|Any CPU.ActiveCfg = Release|Any CPU
		{FAF14DFA-2CE3-4FAE-863E-D3FE3D7A04D0}.Release|Any CPU.Build.0 = Release|Any CPU
		{46264CD5-FDF7-46B4-9D7E-BEFAAF72E727}.Debug|Any CPU.ActiveCfg = Debug|Any CPU
		{46264CD5-FDF7-46B4-9D7E-BEFAAF72E727}.Debug|Any CPU.Build.0 = Debug|Any CPU
		{46264CD5-FDF7-46B4-9D7E-BEFAAF72E727}.Release|Any CPU.ActiveCfg = Release|Any CPU
		{46264CD5-FDF7-46B4-9D7E-BEFAAF72E727}.Release|Any CPU.Build.0 = Release|Any CPU
		{E00D2176-E6F5-42B7-9B7E-43F23E29A456}.Debug|Any CPU.ActiveCfg = Debug|Any CPU
		{E00D2176-E6F5-42B7-9B7E-43F23E29A456}.Debug|Any CPU.Build.0 = Debug|Any CPU
		{E00D2176-E6F5-42B7-9B7E-43F23E29A456}.Release|Any CPU.ActiveCfg = Release|Any CPU
		{E00D2176-E6F5-42B7-9B7E-43F23E29A456}.Release|Any CPU.Build.0 = Release|Any CPU
		{2014840D-B700-47A5-863D-5D726592AB21}.Debug|Any CPU.ActiveCfg = Debug|Any CPU
		{2014840D-B700-47A5-863D-5D726592AB21}.Debug|Any CPU.Build.0 = Debug|Any CPU
		{2014840D-B700-47A5-863D-5D726592AB21}.Release|Any CPU.ActiveCfg = Release|Any CPU
		{2014840D-B700-47A5-863D-5D726592AB21}.Release|Any CPU.Build.0 = Release|Any CPU
		{50EE2FC4-FEAD-4BD7-8B63-B79F1C7FDC2B}.Debug|Any CPU.ActiveCfg = Debug|Any CPU
		{50EE2FC4-FEAD-4BD7-8B63-B79F1C7FDC2B}.Debug|Any CPU.Build.0 = Debug|Any CPU
		{50EE2FC4-FEAD-4BD7-8B63-B79F1C7FDC2B}.Release|Any CPU.ActiveCfg = Release|Any CPU
		{50EE2FC4-FEAD-4BD7-8B63-B79F1C7FDC2B}.Release|Any CPU.Build.0 = Release|Any CPU
	EndGlobalSection
	GlobalSection(SolutionProperties) = preSolution
		HideSolutionNode = FALSE
	EndGlobalSection
	GlobalSection(NestedProjects) = preSolution
		{BC4A6AA7-3BFB-4696-B3EC-1B1C542A78E6} = {1B663FDB-EAA2-4574-8241-5AEB196DB980}
		{A3773DB7-E46A-412E-9271-68BCCF657549} = {1B663FDB-EAA2-4574-8241-5AEB196DB980}
		{FA02C575-7F9B-4A0F-84C3-19FECA1EC025} = {1B663FDB-EAA2-4574-8241-5AEB196DB980}
		{04374673-401F-4940-8DCD-ED082382B832} = {1B663FDB-EAA2-4574-8241-5AEB196DB980}
		{0C5EB00B-5761-4963-BEA9-F22D80275F0A} = {1B663FDB-EAA2-4574-8241-5AEB196DB980}
		{7A0650E9-6D6B-44DA-8C20-CAA41A42573F} = {1B663FDB-EAA2-4574-8241-5AEB196DB980}
		{9BB7B1A6-CDE6-4359-AB31-FB3652028368} = {1B663FDB-EAA2-4574-8241-5AEB196DB980}
		{5AF52964-186E-4F30-B1FA-9C5F2DFD02B3} = {1B663FDB-EAA2-4574-8241-5AEB196DB980}
		{15BAB9A5-11CB-4FC5-BCA3-22E7CFE99766} = {1B663FDB-EAA2-4574-8241-5AEB196DB980}
		{5A17E08F-8FAB-4DEB-ABBE-6207E0E78C48} = {1B663FDB-EAA2-4574-8241-5AEB196DB980}
		{F33B081B-248B-4200-A6A4-A069E484B268} = {853728A2-B61D-4584-B3CF-49D0C84FB0BF}
		{4596607A-EF1D-4AD0-8159-3C52D5CCA673} = {853728A2-B61D-4584-B3CF-49D0C84FB0BF}
		{FAF14DFA-2CE3-4FAE-863E-D3FE3D7A04D0} = {853728A2-B61D-4584-B3CF-49D0C84FB0BF}
		{46264CD5-FDF7-46B4-9D7E-BEFAAF72E727} = {853728A2-B61D-4584-B3CF-49D0C84FB0BF}
		{E00D2176-E6F5-42B7-9B7E-43F23E29A456} = {853728A2-B61D-4584-B3CF-49D0C84FB0BF}
		{2014840D-B700-47A5-863D-5D726592AB21} = {853728A2-B61D-4584-B3CF-49D0C84FB0BF}
		{50EE2FC4-FEAD-4BD7-8B63-B79F1C7FDC2B} = {A469A689-A85E-4F28-9CC8-AF99C0B67A4F}
	EndGlobalSection
	GlobalSection(ExtensibilityGlobals) = postSolution
		SolutionGuid = {E91029C5-2596-4A84-B77B-A13FE0F5F1B8}
	EndGlobalSection
EndGlobal
